// !$*UTF8*$!
{
	archiveVersion = 1;
	classes = {
	};
	objectVersion = 48;
	objects = {

/* Begin PBXBuildFile section */
		DA24A0DB20165D99002C1A28 /* AppDelegate.swift in Sources */ = {isa = PBXBuildFile; fileRef = DA24A0DA20165D99002C1A28 /* AppDelegate.swift */; };
		DA24A0DD20165D99002C1A28 /* ViewController.swift in Sources */ = {isa = PBXBuildFile; fileRef = DA24A0DC20165D99002C1A28 /* ViewController.swift */; };
		DA24A0E020165D99002C1A28 /* Main.storyboard in Resources */ = {isa = PBXBuildFile; fileRef = DA24A0DE20165D99002C1A28 /* Main.storyboard */; };
		DA24A0E220165D99002C1A28 /* Assets.xcassets in Resources */ = {isa = PBXBuildFile; fileRef = DA24A0E120165D99002C1A28 /* Assets.xcassets */; };
		DA24A0E520165D99002C1A28 /* LaunchScreen.storyboard in Resources */ = {isa = PBXBuildFile; fileRef = DA24A0E320165D99002C1A28 /* LaunchScreen.storyboard */; };
		DA24A0F020165D99002C1A28 /* navicon_swiftTests.swift in Sources */ = {isa = PBXBuildFile; fileRef = DA24A0EF20165D99002C1A28 /* navicon_swiftTests.swift */; };
		DA24A0FB20165D99002C1A28 /* navicon_swiftUITests.swift in Sources */ = {isa = PBXBuildFile; fileRef = DA24A0FA20165D99002C1A28 /* navicon_swiftUITests.swift */; };
		DA24A10920165E74002C1A28 /* CameraUtil.swift in Sources */ = {isa = PBXBuildFile; fileRef = DA24A10820165E74002C1A28 /* CameraUtil.swift */; };
		DA24A10F20165EBA002C1A28 /* Detector.mm in Sources */ = {isa = PBXBuildFile; fileRef = DA24A10E20165EBA002C1A28 /* Detector.mm */; };
		DA24A11320165F5F002C1A28 /* haarcascade_frontalface_alt.xml in Resources */ = {isa = PBXBuildFile; fileRef = DA24A11220165F5F002C1A28 /* haarcascade_frontalface_alt.xml */; };
		DA24A11620165F96002C1A28 /* AVFoundation.framework in Frameworks */ = {isa = PBXBuildFile; fileRef = DA24A11520165F96002C1A28 /* AVFoundation.framework */; };
		DA24A1202016F897002C1A28 /* OpenCVUtil.mm in Sources */ = {isa = PBXBuildFile; fileRef = DA24A11F2016F897002C1A28 /* OpenCVUtil.mm */; };
		DA24A1222016F92E002C1A28 /* CoreGraphics.framework in Frameworks */ = {isa = PBXBuildFile; fileRef = DA24A1212016F92E002C1A28 /* CoreGraphics.framework */; };
		DA24A1242016FB1E002C1A28 /* UIKit.framework in Frameworks */ = {isa = PBXBuildFile; fileRef = DA24A1232016FB1E002C1A28 /* UIKit.framework */; };
		DA24A1262016FC30002C1A28 /* CoreFoundation.framework in Frameworks */ = {isa = PBXBuildFile; fileRef = DA24A1252016FC30002C1A28 /* CoreFoundation.framework */; };
		DA24A12E20171BC8002C1A28 /* sasa.png in Resources */ = {isa = PBXBuildFile; fileRef = DA24A12D20171BC8002C1A28 /* sasa.png */; };
		DA24A13020171DF9002C1A28 /* startpoint.png in Resources */ = {isa = PBXBuildFile; fileRef = DA24A12F20171DF9002C1A28 /* startpoint.png */; };
		DA24A13220171E0A002C1A28 /* endpoint.png in Resources */ = {isa = PBXBuildFile; fileRef = DA24A13120171E0A002C1A28 /* endpoint.png */; };
		DA24A134201721BA002C1A28 /* StartViewController.swift in Sources */ = {isa = PBXBuildFile; fileRef = DA24A133201721BA002C1A28 /* StartViewController.swift */; };
		DA24A13620172652002C1A28 /* FailViewController.swift in Sources */ = {isa = PBXBuildFile; fileRef = DA24A13520172652002C1A28 /* FailViewController.swift */; };
		DA288A4E201792C20049B571 /* opencv2.framework in Frameworks */ = {isa = PBXBuildFile; fileRef = DA288A4D201792C10049B571 /* opencv2.framework */; };
		DA288A502017AE180049B571 /* SuccessViewController.swift in Sources */ = {isa = PBXBuildFile; fileRef = DA288A4F2017AE180049B571 /* SuccessViewController.swift */; };
/* End PBXBuildFile section */

/* Begin PBXContainerItemProxy section */
		DA24A0EC20165D99002C1A28 /* PBXContainerItemProxy */ = {
			isa = PBXContainerItemProxy;
			containerPortal = DA24A0CF20165D99002C1A28 /* Project object */;
			proxyType = 1;
			remoteGlobalIDString = DA24A0D620165D99002C1A28;
			remoteInfo = "navicon-swift";
		};
		DA24A0F720165D99002C1A28 /* PBXContainerItemProxy */ = {
			isa = PBXContainerItemProxy;
			containerPortal = DA24A0CF20165D99002C1A28 /* Project object */;
			proxyType = 1;
			remoteGlobalIDString = DA24A0D620165D99002C1A28;
			remoteInfo = "navicon-swift";
		};
/* End PBXContainerItemProxy section */

/* Begin PBXFileReference section */
		DA24A0D720165D99002C1A28 /* navicon-swift.app */ = {isa = PBXFileReference; explicitFileType = wrapper.application; includeInIndex = 0; path = "navicon-swift.app"; sourceTree = BUILT_PRODUCTS_DIR; };
		DA24A0DA20165D99002C1A28 /* AppDelegate.swift */ = {isa = PBXFileReference; lastKnownFileType = sourcecode.swift; path = AppDelegate.swift; sourceTree = "<group>"; };
		DA24A0DC20165D99002C1A28 /* ViewController.swift */ = {isa = PBXFileReference; lastKnownFileType = sourcecode.swift; path = ViewController.swift; sourceTree = "<group>"; };
		DA24A0DF20165D99002C1A28 /* Base */ = {isa = PBXFileReference; lastKnownFileType = file.storyboard; name = Base; path = Base.lproj/Main.storyboard; sourceTree = "<group>"; };
		DA24A0E120165D99002C1A28 /* Assets.xcassets */ = {isa = PBXFileReference; lastKnownFileType = folder.assetcatalog; path = Assets.xcassets; sourceTree = "<group>"; };
		DA24A0E420165D99002C1A28 /* Base */ = {isa = PBXFileReference; lastKnownFileType = file.storyboard; name = Base; path = Base.lproj/LaunchScreen.storyboard; sourceTree = "<group>"; };
		DA24A0E620165D99002C1A28 /* Info.plist */ = {isa = PBXFileReference; lastKnownFileType = text.plist.xml; path = Info.plist; sourceTree = "<group>"; };
		DA24A0EB20165D99002C1A28 /* navicon-swiftTests.xctest */ = {isa = PBXFileReference; explicitFileType = wrapper.cfbundle; includeInIndex = 0; path = "navicon-swiftTests.xctest"; sourceTree = BUILT_PRODUCTS_DIR; };
		DA24A0EF20165D99002C1A28 /* navicon_swiftTests.swift */ = {isa = PBXFileReference; lastKnownFileType = sourcecode.swift; path = navicon_swiftTests.swift; sourceTree = "<group>"; };
		DA24A0F120165D99002C1A28 /* Info.plist */ = {isa = PBXFileReference; lastKnownFileType = text.plist.xml; path = Info.plist; sourceTree = "<group>"; };
		DA24A0F620165D99002C1A28 /* navicon-swiftUITests.xctest */ = {isa = PBXFileReference; explicitFileType = wrapper.cfbundle; includeInIndex = 0; path = "navicon-swiftUITests.xctest"; sourceTree = BUILT_PRODUCTS_DIR; };
		DA24A0FA20165D99002C1A28 /* navicon_swiftUITests.swift */ = {isa = PBXFileReference; lastKnownFileType = sourcecode.swift; path = navicon_swiftUITests.swift; sourceTree = "<group>"; };
		DA24A0FC20165D99002C1A28 /* Info.plist */ = {isa = PBXFileReference; lastKnownFileType = text.plist.xml; path = Info.plist; sourceTree = "<group>"; };
		DA24A10820165E74002C1A28 /* CameraUtil.swift */ = {isa = PBXFileReference; lastKnownFileType = sourcecode.swift; path = CameraUtil.swift; sourceTree = "<group>"; };
		DA24A10A20165E9F002C1A28 /* navicon-swift-Bridging-Header.h */ = {isa = PBXFileReference; lastKnownFileType = sourcecode.c.h; path = "navicon-swift-Bridging-Header.h"; sourceTree = "<group>"; };
		DA24A10B20165E9F002C1A28 /* Detector.h */ = {isa = PBXFileReference; lastKnownFileType = sourcecode.c.h; path = Detector.h; sourceTree = "<group>"; };
		DA24A10E20165EBA002C1A28 /* Detector.mm */ = {isa = PBXFileReference; fileEncoding = 4; lastKnownFileType = sourcecode.cpp.objcpp; path = Detector.mm; sourceTree = "<group>"; };
		DA24A11220165F5F002C1A28 /* haarcascade_frontalface_alt.xml */ = {isa = PBXFileReference; fileEncoding = 4; lastKnownFileType = text.xml; path = haarcascade_frontalface_alt.xml; sourceTree = "<group>"; };
		DA24A11520165F96002C1A28 /* AVFoundation.framework */ = {isa = PBXFileReference; lastKnownFileType = wrapper.framework; name = AVFoundation.framework; path = System/Library/Frameworks/AVFoundation.framework; sourceTree = SDKROOT; };
		DA24A11C2016F85F002C1A28 /* OpenCVUtil.h */ = {isa = PBXFileReference; lastKnownFileType = sourcecode.c.h; path = OpenCVUtil.h; sourceTree = "<group>"; };
		DA24A11F2016F897002C1A28 /* OpenCVUtil.mm */ = {isa = PBXFileReference; fileEncoding = 4; lastKnownFileType = sourcecode.cpp.objcpp; path = OpenCVUtil.mm; sourceTree = "<group>"; };
		DA24A1212016F92E002C1A28 /* CoreGraphics.framework */ = {isa = PBXFileReference; lastKnownFileType = wrapper.framework; name = CoreGraphics.framework; path = System/Library/Frameworks/CoreGraphics.framework; sourceTree = SDKROOT; };
		DA24A1232016FB1E002C1A28 /* UIKit.framework */ = {isa = PBXFileReference; lastKnownFileType = wrapper.framework; name = UIKit.framework; path = System/Library/Frameworks/UIKit.framework; sourceTree = SDKROOT; };
		DA24A1252016FC30002C1A28 /* CoreFoundation.framework */ = {isa = PBXFileReference; lastKnownFileType = wrapper.framework; name = CoreFoundation.framework; path = System/Library/Frameworks/CoreFoundation.framework; sourceTree = SDKROOT; };
		DA24A12D20171BC8002C1A28 /* sasa.png */ = {isa = PBXFileReference; lastKnownFileType = image.png; path = sasa.png; sourceTree = "<group>"; };
		DA24A12F20171DF9002C1A28 /* startpoint.png */ = {isa = PBXFileReference; lastKnownFileType = image.png; path = startpoint.png; sourceTree = "<group>"; };
		DA24A13120171E0A002C1A28 /* endpoint.png */ = {isa = PBXFileReference; lastKnownFileType = image.png; path = endpoint.png; sourceTree = "<group>"; };
		DA24A133201721BA002C1A28 /* StartViewController.swift */ = {isa = PBXFileReference; lastKnownFileType = sourcecode.swift; path = StartViewController.swift; sourceTree = "<group>"; };
		DA24A13520172652002C1A28 /* FailViewController.swift */ = {isa = PBXFileReference; lastKnownFileType = sourcecode.swift; path = FailViewController.swift; sourceTree = "<group>"; };
		DA288A4D201792C10049B571 /* opencv2.framework */ = {isa = PBXFileReference; lastKnownFileType = wrapper.framework; path = opencv2.framework; sourceTree = "<group>"; };
		DA288A4F2017AE180049B571 /* SuccessViewController.swift */ = {isa = PBXFileReference; lastKnownFileType = sourcecode.swift; path = SuccessViewController.swift; sourceTree = "<group>"; };
/* End PBXFileReference section */

/* Begin PBXFrameworksBuildPhase section */
		DA24A0D420165D99002C1A28 /* Frameworks */ = {
			isa = PBXFrameworksBuildPhase;
			buildActionMask = 2147483647;
			files = (
				DA24A1262016FC30002C1A28 /* CoreFoundation.framework in Frameworks */,
				DA24A1242016FB1E002C1A28 /* UIKit.framework in Frameworks */,
				DA24A1222016F92E002C1A28 /* CoreGraphics.framework in Frameworks */,
				DA288A4E201792C20049B571 /* opencv2.framework in Frameworks */,
				DA24A11620165F96002C1A28 /* AVFoundation.framework in Frameworks */,
			);
			runOnlyForDeploymentPostprocessing = 0;
		};
		DA24A0E820165D99002C1A28 /* Frameworks */ = {
			isa = PBXFrameworksBuildPhase;
			buildActionMask = 2147483647;
			files = (
			);
			runOnlyForDeploymentPostprocessing = 0;
		};
		DA24A0F320165D99002C1A28 /* Frameworks */ = {
			isa = PBXFrameworksBuildPhase;
			buildActionMask = 2147483647;
			files = (
			);
			runOnlyForDeploymentPostprocessing = 0;
		};
/* End PBXFrameworksBuildPhase section */

/* Begin PBXGroup section */
		DA24A0CE20165D99002C1A28 = {
			isa = PBXGroup;
			children = (
				DA24A0D920165D99002C1A28 /* navicon-swift */,
				DA24A0EE20165D99002C1A28 /* navicon-swiftTests */,
				DA24A0F920165D99002C1A28 /* navicon-swiftUITests */,
				DA24A12D20171BC8002C1A28 /* sasa.png */,
				DA24A12F20171DF9002C1A28 /* startpoint.png */,
				DA24A13120171E0A002C1A28 /* endpoint.png */,
				DA24A0D820165D99002C1A28 /* Products */,
				DA24A11420165F96002C1A28 /* Frameworks */,
			);
			sourceTree = "<group>";
		};
		DA24A0D820165D99002C1A28 /* Products */ = {
			isa = PBXGroup;
			children = (
				DA24A0D720165D99002C1A28 /* navicon-swift.app */,
				DA24A0EB20165D99002C1A28 /* navicon-swiftTests.xctest */,
				DA24A0F620165D99002C1A28 /* navicon-swiftUITests.xctest */,
			);
			name = Products;
			sourceTree = "<group>";
		};
		DA24A0D920165D99002C1A28 /* navicon-swift */ = {
			isa = PBXGroup;
			children = (
				DA24A0DA20165D99002C1A28 /* AppDelegate.swift */,
				DA24A133201721BA002C1A28 /* StartViewController.swift */,
				DA24A13520172652002C1A28 /* FailViewController.swift */,
				DA288A4F2017AE180049B571 /* SuccessViewController.swift */,
				DA24A0DC20165D99002C1A28 /* ViewController.swift */,
				DA24A0DE20165D99002C1A28 /* Main.storyboard */,
				DA24A0E120165D99002C1A28 /* Assets.xcassets */,
				DA24A0E320165D99002C1A28 /* LaunchScreen.storyboard */,
				DA24A0E620165D99002C1A28 /* Info.plist */,
				DA24A10820165E74002C1A28 /* CameraUtil.swift */,
				DA24A10B20165E9F002C1A28 /* Detector.h */,
				DA24A10E20165EBA002C1A28 /* Detector.mm */,
				DA24A11220165F5F002C1A28 /* haarcascade_frontalface_alt.xml */,
				DA24A10A20165E9F002C1A28 /* navicon-swift-Bridging-Header.h */,
				DA24A11C2016F85F002C1A28 /* OpenCVUtil.h */,
				DA24A11F2016F897002C1A28 /* OpenCVUtil.mm */,
				DA288A4D201792C10049B571 /* opencv2.framework */,
			);
			path = "navicon-swift";
			sourceTree = "<group>";
		};
		DA24A0EE20165D99002C1A28 /* navicon-swiftTests */ = {
			isa = PBXGroup;
			children = (
				DA24A0EF20165D99002C1A28 /* navicon_swiftTests.swift */,
				DA24A0F120165D99002C1A28 /* Info.plist */,
			);
			path = "navicon-swiftTests";
			sourceTree = "<group>";
		};
		DA24A0F920165D99002C1A28 /* navicon-swiftUITests */ = {
			isa = PBXGroup;
			children = (
				DA24A0FA20165D99002C1A28 /* navicon_swiftUITests.swift */,
				DA24A0FC20165D99002C1A28 /* Info.plist */,
			);
			path = "navicon-swiftUITests";
			sourceTree = "<group>";
		};
		DA24A11420165F96002C1A28 /* Frameworks */ = {
			isa = PBXGroup;
			children = (
				DA24A1252016FC30002C1A28 /* CoreFoundation.framework */,
				DA24A1232016FB1E002C1A28 /* UIKit.framework */,
				DA24A1212016F92E002C1A28 /* CoreGraphics.framework */,
				DA24A11520165F96002C1A28 /* AVFoundation.framework */,
			);
			name = Frameworks;
			sourceTree = "<group>";
		};
/* End PBXGroup section */

/* Begin PBXNativeTarget section */
		DA24A0D620165D99002C1A28 /* navicon-swift */ = {
			isa = PBXNativeTarget;
			buildConfigurationList = DA24A0FF20165D99002C1A28 /* Build configuration list for PBXNativeTarget "navicon-swift" */;
			buildPhases = (
				DA24A0D320165D99002C1A28 /* Sources */,
				DA24A0D420165D99002C1A28 /* Frameworks */,
				DA24A0D520165D99002C1A28 /* Resources */,
			);
			buildRules = (
			);
			dependencies = (
			);
			name = "navicon-swift";
			productName = "navicon-swift";
			productReference = DA24A0D720165D99002C1A28 /* navicon-swift.app */;
			productType = "com.apple.product-type.application";
		};
		DA24A0EA20165D99002C1A28 /* navicon-swiftTests */ = {
			isa = PBXNativeTarget;
			buildConfigurationList = DA24A10220165D99002C1A28 /* Build configuration list for PBXNativeTarget "navicon-swiftTests" */;
			buildPhases = (
				DA24A0E720165D99002C1A28 /* Sources */,
				DA24A0E820165D99002C1A28 /* Frameworks */,
				DA24A0E920165D99002C1A28 /* Resources */,
			);
			buildRules = (
			);
			dependencies = (
				DA24A0ED20165D99002C1A28 /* PBXTargetDependency */,
			);
			name = "navicon-swiftTests";
			productName = "navicon-swiftTests";
			productReference = DA24A0EB20165D99002C1A28 /* navicon-swiftTests.xctest */;
			productType = "com.apple.product-type.bundle.unit-test";
		};
		DA24A0F520165D99002C1A28 /* navicon-swiftUITests */ = {
			isa = PBXNativeTarget;
			buildConfigurationList = DA24A10520165D99002C1A28 /* Build configuration list for PBXNativeTarget "navicon-swiftUITests" */;
			buildPhases = (
				DA24A0F220165D99002C1A28 /* Sources */,
				DA24A0F320165D99002C1A28 /* Frameworks */,
				DA24A0F420165D99002C1A28 /* Resources */,
			);
			buildRules = (
			);
			dependencies = (
				DA24A0F820165D99002C1A28 /* PBXTargetDependency */,
			);
			name = "navicon-swiftUITests";
			productName = "navicon-swiftUITests";
			productReference = DA24A0F620165D99002C1A28 /* navicon-swiftUITests.xctest */;
			productType = "com.apple.product-type.bundle.ui-testing";
		};
/* End PBXNativeTarget section */

/* Begin PBXProject section */
		DA24A0CF20165D99002C1A28 /* Project object */ = {
			isa = PBXProject;
			attributes = {
				LastSwiftUpdateCheck = 0920;
				LastUpgradeCheck = 0920;
				ORGANIZATIONNAME = "Yuria Hiraga";
				TargetAttributes = {
					DA24A0D620165D99002C1A28 = {
						CreatedOnToolsVersion = 9.2;
						LastSwiftMigration = 0920;
						ProvisioningStyle = Automatic;
					};
					DA24A0EA20165D99002C1A28 = {
						CreatedOnToolsVersion = 9.2;
						ProvisioningStyle = Automatic;
						TestTargetID = DA24A0D620165D99002C1A28;
					};
					DA24A0F520165D99002C1A28 = {
						CreatedOnToolsVersion = 9.2;
						ProvisioningStyle = Automatic;
						TestTargetID = DA24A0D620165D99002C1A28;
					};
				};
			};
			buildConfigurationList = DA24A0D220165D99002C1A28 /* Build configuration list for PBXProject "navicon-swift" */;
			compatibilityVersion = "Xcode 8.0";
			developmentRegion = en;
			hasScannedForEncodings = 0;
			knownRegions = (
				en,
				Base,
			);
			mainGroup = DA24A0CE20165D99002C1A28;
			productRefGroup = DA24A0D820165D99002C1A28 /* Products */;
			projectDirPath = "";
			projectRoot = "";
			targets = (
				DA24A0D620165D99002C1A28 /* navicon-swift */,
				DA24A0EA20165D99002C1A28 /* navicon-swiftTests */,
				DA24A0F520165D99002C1A28 /* navicon-swiftUITests */,
			);
		};
/* End PBXProject section */

/* Begin PBXResourcesBuildPhase section */
		DA24A0D520165D99002C1A28 /* Resources */ = {
			isa = PBXResourcesBuildPhase;
			buildActionMask = 2147483647;
			files = (
				DA24A0E520165D99002C1A28 /* LaunchScreen.storyboard in Resources */,
				DA24A12E20171BC8002C1A28 /* sasa.png in Resources */,
				DA24A13220171E0A002C1A28 /* endpoint.png in Resources */,
				DA24A0E220165D99002C1A28 /* Assets.xcassets in Resources */,
				DA24A13020171DF9002C1A28 /* startpoint.png in Resources */,
				DA24A11320165F5F002C1A28 /* haarcascade_frontalface_alt.xml in Resources */,
				DA24A0E020165D99002C1A28 /* Main.storyboard in Resources */,
			);
			runOnlyForDeploymentPostprocessing = 0;
		};
		DA24A0E920165D99002C1A28 /* Resources */ = {
			isa = PBXResourcesBuildPhase;
			buildActionMask = 2147483647;
			files = (
			);
			runOnlyForDeploymentPostprocessing = 0;
		};
		DA24A0F420165D99002C1A28 /* Resources */ = {
			isa = PBXResourcesBuildPhase;
			buildActionMask = 2147483647;
			files = (
			);
			runOnlyForDeploymentPostprocessing = 0;
		};
/* End PBXResourcesBuildPhase section */

/* Begin PBXSourcesBuildPhase section */
		DA24A0D320165D99002C1A28 /* Sources */ = {
			isa = PBXSourcesBuildPhase;
			buildActionMask = 2147483647;
			files = (
				DA24A10920165E74002C1A28 /* CameraUtil.swift in Sources */,
				DA24A10F20165EBA002C1A28 /* Detector.mm in Sources */,
				DA24A0DD20165D99002C1A28 /* ViewController.swift in Sources */,
				DA24A1202016F897002C1A28 /* OpenCVUtil.mm in Sources */,
				DA24A0DB20165D99002C1A28 /* AppDelegate.swift in Sources */,
				DA24A134201721BA002C1A28 /* StartViewController.swift in Sources */,
				DA288A502017AE180049B571 /* SuccessViewController.swift in Sources */,
				DA24A13620172652002C1A28 /* FailViewController.swift in Sources */,
			);
			runOnlyForDeploymentPostprocessing = 0;
		};
		DA24A0E720165D99002C1A28 /* Sources */ = {
			isa = PBXSourcesBuildPhase;
			buildActionMask = 2147483647;
			files = (
				DA24A0F020165D99002C1A28 /* navicon_swiftTests.swift in Sources */,
			);
			runOnlyForDeploymentPostprocessing = 0;
		};
		DA24A0F220165D99002C1A28 /* Sources */ = {
			isa = PBXSourcesBuildPhase;
			buildActionMask = 2147483647;
			files = (
				DA24A0FB20165D99002C1A28 /* navicon_swiftUITests.swift in Sources */,
			);
			runOnlyForDeploymentPostprocessing = 0;
		};
/* End PBXSourcesBuildPhase section */

/* Begin PBXTargetDependency section */
		DA24A0ED20165D99002C1A28 /* PBXTargetDependency */ = {
			isa = PBXTargetDependency;
			target = DA24A0D620165D99002C1A28 /* navicon-swift */;
			targetProxy = DA24A0EC20165D99002C1A28 /* PBXContainerItemProxy */;
		};
		DA24A0F820165D99002C1A28 /* PBXTargetDependency */ = {
			isa = PBXTargetDependency;
			target = DA24A0D620165D99002C1A28 /* navicon-swift */;
			targetProxy = DA24A0F720165D99002C1A28 /* PBXContainerItemProxy */;
		};
/* End PBXTargetDependency section */

/* Begin PBXVariantGroup section */
		DA24A0DE20165D99002C1A28 /* Main.storyboard */ = {
			isa = PBXVariantGroup;
			children = (
				DA24A0DF20165D99002C1A28 /* Base */,
			);
			name = Main.storyboard;
			sourceTree = "<group>";
		};
		DA24A0E320165D99002C1A28 /* LaunchScreen.storyboard */ = {
			isa = PBXVariantGroup;
			children = (
				DA24A0E420165D99002C1A28 /* Base */,
			);
			name = LaunchScreen.storyboard;
			sourceTree = "<group>";
		};
/* End PBXVariantGroup section */

/* Begin XCBuildConfiguration section */
		DA24A0FD20165D99002C1A28 /* Debug */ = {
			isa = XCBuildConfiguration;
			buildSettings = {
				ALWAYS_SEARCH_USER_PATHS = NO;
				CLANG_ANALYZER_NONNULL = YES;
				CLANG_ANALYZER_NUMBER_OBJECT_CONVERSION = YES_AGGRESSIVE;
				CLANG_CXX_LANGUAGE_STANDARD = "gnu++14";
				CLANG_CXX_LIBRARY = "libc++";
				CLANG_ENABLE_MODULES = YES;
				CLANG_ENABLE_OBJC_ARC = YES;
				CLANG_WARN_BLOCK_CAPTURE_AUTORELEASING = YES;
				CLANG_WARN_BOOL_CONVERSION = YES;
				CLANG_WARN_COMMA = YES;
				CLANG_WARN_CONSTANT_CONVERSION = YES;
				CLANG_WARN_DIRECT_OBJC_ISA_USAGE = YES_ERROR;
				CLANG_WARN_DOCUMENTATION_COMMENTS = YES;
				CLANG_WARN_EMPTY_BODY = YES;
				CLANG_WARN_ENUM_CONVERSION = YES;
				CLANG_WARN_INFINITE_RECURSION = YES;
				CLANG_WARN_INT_CONVERSION = YES;
				CLANG_WARN_NON_LITERAL_NULL_CONVERSION = YES;
				CLANG_WARN_OBJC_LITERAL_CONVERSION = YES;
				CLANG_WARN_OBJC_ROOT_CLASS = YES_ERROR;
				CLANG_WARN_RANGE_LOOP_ANALYSIS = YES;
				CLANG_WARN_STRICT_PROTOTYPES = YES;
				CLANG_WARN_SUSPICIOUS_MOVE = YES;
				CLANG_WARN_UNGUARDED_AVAILABILITY = YES_AGGRESSIVE;
				CLANG_WARN_UNREACHABLE_CODE = YES;
				CLANG_WARN__DUPLICATE_METHOD_MATCH = YES;
				CODE_SIGN_IDENTITY = "iPhone Developer";
				COPY_PHASE_STRIP = NO;
				DEBUG_INFORMATION_FORMAT = dwarf;
				ENABLE_STRICT_OBJC_MSGSEND = YES;
				ENABLE_TESTABILITY = YES;
				GCC_C_LANGUAGE_STANDARD = gnu11;
				GCC_DYNAMIC_NO_PIC = NO;
				GCC_NO_COMMON_BLOCKS = YES;
				GCC_OPTIMIZATION_LEVEL = 0;
				GCC_PREPROCESSOR_DEFINITIONS = (
					"DEBUG=1",
					"$(inherited)",
				);
				GCC_WARN_64_TO_32_BIT_CONVERSION = YES;
				GCC_WARN_ABOUT_RETURN_TYPE = YES_ERROR;
				GCC_WARN_UNDECLARED_SELECTOR = YES;
				GCC_WARN_UNINITIALIZED_AUTOS = YES_AGGRESSIVE;
				GCC_WARN_UNUSED_FUNCTION = YES;
				GCC_WARN_UNUSED_VARIABLE = YES;
				IPHONEOS_DEPLOYMENT_TARGET = 11.2;
				MTL_ENABLE_DEBUG_INFO = YES;
				ONLY_ACTIVE_ARCH = YES;
				SDKROOT = iphoneos;
				SWIFT_ACTIVE_COMPILATION_CONDITIONS = DEBUG;
				SWIFT_OPTIMIZATION_LEVEL = "-Onone";
			};
			name = Debug;
		};
		DA24A0FE20165D99002C1A28 /* Release */ = {
			isa = XCBuildConfiguration;
			buildSettings = {
				ALWAYS_SEARCH_USER_PATHS = NO;
				CLANG_ANALYZER_NONNULL = YES;
				CLANG_ANALYZER_NUMBER_OBJECT_CONVERSION = YES_AGGRESSIVE;
				CLANG_CXX_LANGUAGE_STANDARD = "gnu++14";
				CLANG_CXX_LIBRARY = "libc++";
				CLANG_ENABLE_MODULES = YES;
				CLANG_ENABLE_OBJC_ARC = YES;
				CLANG_WARN_BLOCK_CAPTURE_AUTORELEASING = YES;
				CLANG_WARN_BOOL_CONVERSION = YES;
				CLANG_WARN_COMMA = YES;
				CLANG_WARN_CONSTANT_CONVERSION = YES;
				CLANG_WARN_DIRECT_OBJC_ISA_USAGE = YES_ERROR;
				CLANG_WARN_DOCUMENTATION_COMMENTS = YES;
				CLANG_WARN_EMPTY_BODY = YES;
				CLANG_WARN_ENUM_CONVERSION = YES;
				CLANG_WARN_INFINITE_RECURSION = YES;
				CLANG_WARN_INT_CONVERSION = YES;
				CLANG_WARN_NON_LITERAL_NULL_CONVERSION = YES;
				CLANG_WARN_OBJC_LITERAL_CONVERSION = YES;
				CLANG_WARN_OBJC_ROOT_CLASS = YES_ERROR;
				CLANG_WARN_RANGE_LOOP_ANALYSIS = YES;
				CLANG_WARN_STRICT_PROTOTYPES = YES;
				CLANG_WARN_SUSPICIOUS_MOVE = YES;
				CLANG_WARN_UNGUARDED_AVAILABILITY = YES_AGGRESSIVE;
				CLANG_WARN_UNREACHABLE_CODE = YES;
				CLANG_WARN__DUPLICATE_METHOD_MATCH = YES;
				CODE_SIGN_IDENTITY = "iPhone Developer";
				COPY_PHASE_STRIP = NO;
				DEBUG_INFORMATION_FORMAT = "dwarf-with-dsym";
				ENABLE_NS_ASSERTIONS = NO;
				ENABLE_STRICT_OBJC_MSGSEND = YES;
				GCC_C_LANGUAGE_STANDARD = gnu11;
				GCC_NO_COMMON_BLOCKS = YES;
				GCC_WARN_64_TO_32_BIT_CONVERSION = YES;
				GCC_WARN_ABOUT_RETURN_TYPE = YES_ERROR;
				GCC_WARN_UNDECLARED_SELECTOR = YES;
				GCC_WARN_UNINITIALIZED_AUTOS = YES_AGGRESSIVE;
				GCC_WARN_UNUSED_FUNCTION = YES;
				GCC_WARN_UNUSED_VARIABLE = YES;
				IPHONEOS_DEPLOYMENT_TARGET = 11.2;
				MTL_ENABLE_DEBUG_INFO = NO;
				SDKROOT = iphoneos;
				SWIFT_OPTIMIZATION_LEVEL = "-Owholemodule";
				VALIDATE_PRODUCT = YES;
			};
			name = Release;
		};
		DA24A10020165D99002C1A28 /* Debug */ = {
			isa = XCBuildConfiguration;
			buildSettings = {
				ASSETCATALOG_COMPILER_APPICON_NAME = AppIcon;
				CLANG_ENABLE_MODULES = YES;
				CODE_SIGN_STYLE = Automatic;
				DEVELOPMENT_TEAM = 76UB5MZ558;
				FRAMEWORK_SEARCH_PATHS = (
					"$(inherited)",
					"$(PROJECT_DIR)/navicon-swift",
				);
				INFOPLIST_FILE = "navicon-swift/Info.plist";
				IPHONEOS_DEPLOYMENT_TARGET = 11.2;
				LD_RUNPATH_SEARCH_PATHS = "$(inherited) @executable_path/Frameworks";
				PRODUCT_BUNDLE_IDENTIFIER = "Yuria.navicon-swift";
				PRODUCT_NAME = "$(TARGET_NAME)";
				SWIFT_OBJC_BRIDGING_HEADER = "navicon-swift/navicon-swift-Bridging-Header.h";
				SWIFT_OPTIMIZATION_LEVEL = "-Onone";
				SWIFT_VERSION = 4.0;
				TARGETED_DEVICE_FAMILY = "1,2";
			};
			name = Debug;
		};
		DA24A10120165D99002C1A28 /* Release */ = {
			isa = XCBuildConfiguration;
			buildSettings = {
				ASSETCATALOG_COMPILER_APPICON_NAME = AppIcon;
				CLANG_ENABLE_MODULES = YES;
				CODE_SIGN_STYLE = Automatic;
				DEVELOPMENT_TEAM = 76UB5MZ558;
				FRAMEWORK_SEARCH_PATHS = (
					"$(inherited)",
					"$(PROJECT_DIR)/navicon-swift",
				);
				INFOPLIST_FILE = "navicon-swift/Info.plist";
				IPHONEOS_DEPLOYMENT_TARGET = 11.2;
				LD_RUNPATH_SEARCH_PATHS = "$(inherited) @executable_path/Frameworks";
				PRODUCT_BUNDLE_IDENTIFIER = "Yuria.navicon-swift";
				PRODUCT_NAME = "$(TARGET_NAME)";
				SWIFT_OBJC_BRIDGING_HEADER = "navicon-swift/navicon-swift-Bridging-Header.h";
				SWIFT_VERSION = 4.0;
				TARGETED_DEVICE_FAMILY = "1,2";
			};
			name = Release;
		};
		DA24A10320165D99002C1A28 /* Debug */ = {
			isa = XCBuildConfiguration;
			buildSettings = {
				ALWAYS_EMBED_SWIFT_STANDARD_LIBRARIES = YES;
				BUNDLE_LOADER = "$(TEST_HOST)";
				CODE_SIGN_STYLE = Automatic;
				INFOPLIST_FILE = "navicon-swiftTests/Info.plist";
				LD_RUNPATH_SEARCH_PATHS = "$(inherited) @executable_path/Frameworks @loader_path/Frameworks";
				PRODUCT_BUNDLE_IDENTIFIER = "Yuria.navicon-swiftTests";
				PRODUCT_NAME = "$(TARGET_NAME)";
				SWIFT_VERSION = 4.0;
				TARGETED_DEVICE_FAMILY = "1,2";
				TEST_HOST = "$(BUILT_PRODUCTS_DIR)/navicon-swift.app/navicon-swift";
			};
			name = Debug;
		};
		DA24A10420165D99002C1A28 /* Release */ = {
			isa = XCBuildConfiguration;
			buildSettings = {
				ALWAYS_EMBED_SWIFT_STANDARD_LIBRARIES = YES;
				BUNDLE_LOADER = "$(TEST_HOST)";
				CODE_SIGN_STYLE = Automatic;
				INFOPLIST_FILE = "navicon-swiftTests/Info.plist";
				LD_RUNPATH_SEARCH_PATHS = "$(inherited) @executable_path/Frameworks @loader_path/Frameworks";
				PRODUCT_BUNDLE_IDENTIFIER = "Yuria.navicon-swiftTests";
				PRODUCT_NAME = "$(TARGET_NAME)";
				SWIFT_VERSION = 4.0;
				TARGETED_DEVICE_FAMILY = "1,2";
				TEST_HOST = "$(BUILT_PRODUCTS_DIR)/navicon-swift.app/navicon-swift";
			};
			name = Release;
		};
		DA24A10620165D99002C1A28 /* Debug */ = {
			isa = XCBuildConfiguration;
			buildSettings = {
				ALWAYS_EMBED_SWIFT_STANDARD_LIBRARIES = YES;
				CODE_SIGN_STYLE = Automatic;
				INFOPLIST_FILE = "navicon-swiftUITests/Info.plist";
				LD_RUNPATH_SEARCH_PATHS = "$(inherited) @executable_path/Frameworks @loader_path/Frameworks";
				PRODUCT_BUNDLE_IDENTIFIER = "Yuria.navicon-swiftUITests";
				PRODUCT_NAME = "$(TARGET_NAME)";
				SWIFT_VERSION = 4.0;
				TARGETED_DEVICE_FAMILY = "1,2";
				TEST_TARGET_NAME = "navicon-swift";
			};
			name = Debug;
		};
		DA24A10720165D99002C1A28 /* Release */ = {
			isa = XCBuildConfiguration;
			buildSettings = {
				ALWAYS_EMBED_SWIFT_STANDARD_LIBRARIES = YES;
				CODE_SIGN_STYLE = Automatic;
				INFOPLIST_FILE = "navicon-swiftUITests/Info.plist";
				LD_RUNPATH_SEARCH_PATHS = "$(inherited) @executable_path/Frameworks @loader_path/Frameworks";
				PRODUCT_BUNDLE_IDENTIFIER = "Yuria.navicon-swiftUITests";
				PRODUCT_NAME = "$(TARGET_NAME)";
				SWIFT_VERSION = 4.0;
				TARGETED_DEVICE_FAMILY = "1,2";
				TEST_TARGET_NAME = "navicon-swift";
			};
			name = Release;
		};
/* End XCBuildConfiguration section */

/* Begin XCConfigurationList section */
		DA24A0D220165D99002C1A28 /* Build configuration list for PBXProject "navicon-swift" */ = {
			isa = XCConfigurationList;
			buildConfigurations = (
				DA24A0FD20165D99002C1A28 /* Debug */,
				DA24A0FE20165D99002C1A28 /* Release */,
			);
			defaultConfigurationIsVisible = 0;
			defaultConfigurationName = Release;
		};
		DA24A0FF20165D99002C1A28 /* Build configuration list for PBXNativeTarget "navicon-swift" */ = {
			isa = XCConfigurationList;
			buildConfigurations = (
				DA24A10020165D99002C1A28 /* Debug */,
				DA24A10120165D99002C1A28 /* Release */,
			);
			defaultConfigurationIsVisible = 0;
			defaultConfigurationName = Release;
		};
		DA24A10220165D99002C1A28 /* Build configuration list for PBXNativeTarget "navicon-swiftTests" */ = {
			isa = XCConfigurationList;
			buildConfigurations = (
				DA24A10320165D99002C1A28 /* Debug */,
				DA24A10420165D99002C1A28 /* Release */,
			);
			defaultConfigurationIsVisible = 0;
			defaultConfigurationName = Release;
		};
		DA24A10520165D99002C1A28 /* Build configuration list for PBXNativeTarget "navicon-swiftUITests" */ = {
			isa = XCConfigurationList;
			buildConfigurations = (
				DA24A10620165D99002C1A28 /* Debug */,
				DA24A10720165D99002C1A28 /* Release */,
			);
			defaultConfigurationIsVisible = 0;
			defaultConfigurationName = Release;
		};
/* End XCConfigurationList section */
	};
	rootObject = DA24A0CF20165D99002C1A28 /* Project object */;
}
